
Microsoft Visual Studio Solution File, Format Version 12.00
# Visual Studio Version 17
VisualStudioVersion = 17.14.36202.13 d17.14
MinimumVisualStudioVersion = 10.0.40219.1
Project("{FAE04EC0-301F-11D3-BF4B-00C04F79EFBC}") = "ApiWeather", "ApiWeather.csproj", "{487D2741-2595-43C9-A698-087436FCE4F4}"
EndProject
Global
	GlobalSection(SolutionConfigurationPlatforms) = preSolution
		Debug|Any CPU = Debug|Any CPU
		Release|Any CPU = Release|Any CPU
	EndGlobalSection
	GlobalSection(ProjectConfigurationPlatforms) = postSolution
		{487D2741-2595-43C9-A698-087436FCE4F4}.Debug|Any CPU.ActiveCfg = Debug|Any CPU
		{487D2741-2595-43C9-A698-087436FCE4F4}.Debug|Any CPU.Build.0 = Debug|Any CPU
		{487D2741-2595-43C9-A698-087436FCE4F4}.Release|Any CPU.ActiveCfg = Release|Any CPU
		{487D2741-2595-43C9-A698-087436FCE4F4}.Release|Any CPU.Build.0 = Release|Any CPU
	EndGlobalSection
	GlobalSection(SolutionProperties) = preSolution
		HideSolutionNode = FALSE
	EndGlobalSection
	GlobalSection(ExtensibilityGlobals) = postSolution
		SolutionGuid = {66019226-33D1-4420-B5C4-42A25FD2FE2E}
	EndGlobalSection
EndGlobal
